
Microsoft Visual Studio Solution File, Format Version 12.00
# Visual Studio Version 16
VisualStudioVersion = 16.0.31515.178
MinimumVisualStudioVersion = 10.0.40219.1
Project("{FAE04EC0-301F-11D3-BF4B-00C04F79EFBC}") = "HelloWorld", "HelloWorld\HelloWorld.csproj", "{4ED2B488-A5C6-46DA-84F8-C4F05B87F165}"
EndProject
Global
	GlobalSection(SolutionConfigurationPlatforms) = preSolution
		Debug|Any CPU = Debug|Any CPU
		Release|Any CPU = Release|Any CPU
	EndGlobalSection
	GlobalSection(ProjectConfigurationPlatforms) = postSolution
		{4ED2B488-A5C6-46DA-84F8-C4F05B87F165}.Debug|Any CPU.ActiveCfg = Debug|Any CPU
		{4ED2B488-A5C6-46DA-84F8-C4F05B87F165}.Debug|Any CPU.Build.0 = Debug|Any CPU
		{4ED2B488-A5C6-46DA-84F8-C4F05B87F165}.Release|Any CPU.ActiveCfg = Release|Any CPU
		{4ED2B488-A5C6-46DA-84F8-C4F05B87F165}.Release|Any CPU.Build.0 = Release|Any CPU
	EndGlobalSection
	GlobalSection(SolutionProperties) = preSolution
		HideSolutionNode = FALSE
	EndGlobalSection
	GlobalSection(ExtensibilityGlobals) = postSolution
		SolutionGuid = {84F85DC9-9118-406D-9745-F92FB9A9170E}
	EndGlobalSection
EndGlobal
